// !$*UTF8*$!
{
	archiveVersion = 1;
	classes = {
	};
	objectVersion = 50;
	objects = {

/* Begin PBXBuildFile section */
		04DC488D248649E800D56591 /* AppDelegate.swift in Sources */ = {isa = PBXBuildFile; fileRef = 04DC488C248649E800D56591 /* AppDelegate.swift */; };
		04DC488F248649E800D56591 /* SceneDelegate.swift in Sources */ = {isa = PBXBuildFile; fileRef = 04DC488E248649E800D56591 /* SceneDelegate.swift */; };
		04DC4891248649E800D56591 /* ContentView.swift in Sources */ = {isa = PBXBuildFile; fileRef = 04DC4890248649E800D56591 /* ContentView.swift */; };
		04DC4893248649EE00D56591 /* Assets.xcassets in Resources */ = {isa = PBXBuildFile; fileRef = 04DC4892248649EE00D56591 /* Assets.xcassets */; };
		04DC4896248649EE00D56591 /* Preview Assets.xcassets in Resources */ = {isa = PBXBuildFile; fileRef = 04DC4895248649EE00D56591 /* Preview Assets.xcassets */; };
		04DC4899248649EE00D56591 /* LaunchScreen.storyboard in Resources */ = {isa = PBXBuildFile; fileRef = 04DC4897248649EE00D56591 /* LaunchScreen.storyboard */; };
		04DC48A4248649EE00D56591 /* SwiftUIDemoTests.swift in Sources */ = {isa = PBXBuildFile; fileRef = 04DC48A3248649EE00D56591 /* SwiftUIDemoTests.swift */; };
		04DC48AF248649EE00D56591 /* SwiftUIDemoUITests.swift in Sources */ = {isa = PBXBuildFile; fileRef = 04DC48AE248649EE00D56591 /* SwiftUIDemoUITests.swift */; };
		04DC48BD24864AE600D56591 /* TextSwitUIView.swift in Sources */ = {isa = PBXBuildFile; fileRef = 04DC48BC24864AE600D56591 /* TextSwitUIView.swift */; };
		04DC48BF24864BA100D56591 /* ImageSwiftUIView.swift in Sources */ = {isa = PBXBuildFile; fileRef = 04DC48BE24864BA100D56591 /* ImageSwiftUIView.swift */; };
		04DC48C124864BB500D56591 /* VStackSwiftUIView.swift in Sources */ = {isa = PBXBuildFile; fileRef = 04DC48C024864BB500D56591 /* VStackSwiftUIView.swift */; };
		04DC48C324864BC000D56591 /* HStackSwiftUIView.swift in Sources */ = {isa = PBXBuildFile; fileRef = 04DC48C224864BC000D56591 /* HStackSwiftUIView.swift */; };
		04DC48C524864BCF00D56591 /* ButtonSwiftUIView.swift in Sources */ = {isa = PBXBuildFile; fileRef = 04DC48C424864BCF00D56591 /* ButtonSwiftUIView.swift */; };
		04DC48C724864BE000D56591 /* PickerSwiftUIView.swift in Sources */ = {isa = PBXBuildFile; fileRef = 04DC48C624864BE000D56591 /* PickerSwiftUIView.swift */; };
		04DC48C924864D3800D56591 /* MultipleDevicePreview.swift in Sources */ = {isa = PBXBuildFile; fileRef = 04DC48C824864D3800D56591 /* MultipleDevicePreview.swift */; };
/* End PBXBuildFile section */

/* Begin PBXContainerItemProxy section */
		04DC48A0248649EE00D56591 /* PBXContainerItemProxy */ = {
			isa = PBXContainerItemProxy;
			containerPortal = 04DC4881248649E800D56591 /* Project object */;
			proxyType = 1;
			remoteGlobalIDString = 04DC4888248649E800D56591;
			remoteInfo = SwiftUIDemo;
		};
		04DC48AB248649EE00D56591 /* PBXContainerItemProxy */ = {
			isa = PBXContainerItemProxy;
			containerPortal = 04DC4881248649E800D56591 /* Project object */;
			proxyType = 1;
			remoteGlobalIDString = 04DC4888248649E800D56591;
			remoteInfo = SwiftUIDemo;
		};
/* End PBXContainerItemProxy section */

/* Begin PBXFileReference section */
		04DC4889248649E800D56591 /* SwiftUIDemo.app */ = {isa = PBXFileReference; explicitFileType = wrapper.application; includeInIndex = 0; path = SwiftUIDemo.app; sourceTree = BUILT_PRODUCTS_DIR; };
		04DC488C248649E800D56591 /* AppDelegate.swift */ = {isa = PBXFileReference; lastKnownFileType = sourcecode.swift; path = AppDelegate.swift; sourceTree = "<group>"; };
		04DC488E248649E800D56591 /* SceneDelegate.swift */ = {isa = PBXFileReference; lastKnownFileType = sourcecode.swift; path = SceneDelegate.swift; sourceTree = "<group>"; };
		04DC4890248649E800D56591 /* ContentView.swift */ = {isa = PBXFileReference; lastKnownFileType = sourcecode.swift; path = ContentView.swift; sourceTree = "<group>"; };
		04DC4892248649EE00D56591 /* Assets.xcassets */ = {isa = PBXFileReference; lastKnownFileType = folder.assetcatalog; path = Assets.xcassets; sourceTree = "<group>"; };
		04DC4895248649EE00D56591 /* Preview Assets.xcassets */ = {isa = PBXFileReference; lastKnownFileType = folder.assetcatalog; path = "Preview Assets.xcassets"; sourceTree = "<group>"; };
		04DC4898248649EE00D56591 /* Base */ = {isa = PBXFileReference; lastKnownFileType = file.storyboard; name = Base; path = Base.lproj/LaunchScreen.storyboard; sourceTree = "<group>"; };
		04DC489A248649EE00D56591 /* Info.plist */ = {isa = PBXFileReference; lastKnownFileType = text.plist.xml; path = Info.plist; sourceTree = "<group>"; };
		04DC489F248649EE00D56591 /* SwiftUIDemoTests.xctest */ = {isa = PBXFileReference; explicitFileType = wrapper.cfbundle; includeInIndex = 0; path = SwiftUIDemoTests.xctest; sourceTree = BUILT_PRODUCTS_DIR; };
		04DC48A3248649EE00D56591 /* SwiftUIDemoTests.swift */ = {isa = PBXFileReference; lastKnownFileType = sourcecode.swift; path = SwiftUIDemoTests.swift; sourceTree = "<group>"; };
		04DC48A5248649EE00D56591 /* Info.plist */ = {isa = PBXFileReference; lastKnownFileType = text.plist.xml; path = Info.plist; sourceTree = "<group>"; };
		04DC48AA248649EE00D56591 /* SwiftUIDemoUITests.xctest */ = {isa = PBXFileReference; explicitFileType = wrapper.cfbundle; includeInIndex = 0; path = SwiftUIDemoUITests.xctest; sourceTree = BUILT_PRODUCTS_DIR; };
		04DC48AE248649EE00D56591 /* SwiftUIDemoUITests.swift */ = {isa = PBXFileReference; lastKnownFileType = sourcecode.swift; path = SwiftUIDemoUITests.swift; sourceTree = "<group>"; };
		04DC48B0248649EE00D56591 /* Info.plist */ = {isa = PBXFileReference; lastKnownFileType = text.plist.xml; path = Info.plist; sourceTree = "<group>"; };
		04DC48BC24864AE600D56591 /* TextSwitUIView.swift */ = {isa = PBXFileReference; lastKnownFileType = sourcecode.swift; path = TextSwitUIView.swift; sourceTree = "<group>"; };
		04DC48BE24864BA100D56591 /* ImageSwiftUIView.swift */ = {isa = PBXFileReference; lastKnownFileType = sourcecode.swift; path = ImageSwiftUIView.swift; sourceTree = "<group>"; };
		04DC48C024864BB500D56591 /* VStackSwiftUIView.swift */ = {isa = PBXFileReference; lastKnownFileType = sourcecode.swift; path = VStackSwiftUIView.swift; sourceTree = "<group>"; };
		04DC48C224864BC000D56591 /* HStackSwiftUIView.swift */ = {isa = PBXFileReference; lastKnownFileType = sourcecode.swift; path = HStackSwiftUIView.swift; sourceTree = "<group>"; };
		04DC48C424864BCF00D56591 /* ButtonSwiftUIView.swift */ = {isa = PBXFileReference; lastKnownFileType = sourcecode.swift; path = ButtonSwiftUIView.swift; sourceTree = "<group>"; };
		04DC48C624864BE000D56591 /* PickerSwiftUIView.swift */ = {isa = PBXFileReference; lastKnownFileType = sourcecode.swift; path = PickerSwiftUIView.swift; sourceTree = "<group>"; };
		04DC48C824864D3800D56591 /* MultipleDevicePreview.swift */ = {isa = PBXFileReference; lastKnownFileType = sourcecode.swift; path = MultipleDevicePreview.swift; sourceTree = "<group>"; };
/* End PBXFileReference section */

/* Begin PBXFrameworksBuildPhase section */
		04DC4886248649E800D56591 /* Frameworks */ = {
			isa = PBXFrameworksBuildPhase;
			buildActionMask = 2147483647;
			files = (
			);
			runOnlyForDeploymentPostprocessing = 0;
		};
		04DC489C248649EE00D56591 /* Frameworks */ = {
			isa = PBXFrameworksBuildPhase;
			buildActionMask = 2147483647;
			files = (
			);
			runOnlyForDeploymentPostprocessing = 0;
		};
		04DC48A7248649EE00D56591 /* Frameworks */ = {
			isa = PBXFrameworksBuildPhase;
			buildActionMask = 2147483647;
			files = (
			);
			runOnlyForDeploymentPostprocessing = 0;
		};
/* End PBXFrameworksBuildPhase section */

/* Begin PBXGroup section */
		04DC4880248649E800D56591 = {
			isa = PBXGroup;
			children = (
				04DC488B248649E800D56591 /* SwiftUIDemo */,
				04DC48A2248649EE00D56591 /* SwiftUIDemoTests */,
				04DC48AD248649EE00D56591 /* SwiftUIDemoUITests */,
				04DC488A248649E800D56591 /* Products */,
			);
			sourceTree = "<group>";
		};
		04DC488A248649E800D56591 /* Products */ = {
			isa = PBXGroup;
			children = (
				04DC4889248649E800D56591 /* SwiftUIDemo.app */,
				04DC489F248649EE00D56591 /* SwiftUIDemoTests.xctest */,
				04DC48AA248649EE00D56591 /* SwiftUIDemoUITests.xctest */,
			);
			name = Products;
			sourceTree = "<group>";
		};
		04DC488B248649E800D56591 /* SwiftUIDemo */ = {
			isa = PBXGroup;
			children = (
				04DC488C248649E800D56591 /* AppDelegate.swift */,
				04DC488E248649E800D56591 /* SceneDelegate.swift */,
				04DC4890248649E800D56591 /* ContentView.swift */,
				04DC48C824864D3800D56591 /* MultipleDevicePreview.swift */,
				04DC48C624864BE000D56591 /* PickerSwiftUIView.swift */,
				04DC48C424864BCF00D56591 /* ButtonSwiftUIView.swift */,
				04DC48C224864BC000D56591 /* HStackSwiftUIView.swift */,
				04DC48C024864BB500D56591 /* VStackSwiftUIView.swift */,
				04DC48BC24864AE600D56591 /* TextSwitUIView.swift */,
				04DC48BE24864BA100D56591 /* ImageSwiftUIView.swift */,
				04DC4892248649EE00D56591 /* Assets.xcassets */,
				04DC4897248649EE00D56591 /* LaunchScreen.storyboard */,
				04DC489A248649EE00D56591 /* Info.plist */,
				04DC4894248649EE00D56591 /* Preview Content */,
			);
			path = SwiftUIDemo;
			sourceTree = "<group>";
		};
		04DC4894248649EE00D56591 /* Preview Content */ = {
			isa = PBXGroup;
			children = (
				04DC4895248649EE00D56591 /* Preview Assets.xcassets */,
			);
			path = "Preview Content";
			sourceTree = "<group>";
		};
		04DC48A2248649EE00D56591 /* SwiftUIDemoTests */ = {
			isa = PBXGroup;
			children = (
				04DC48A3248649EE00D56591 /* SwiftUIDemoTests.swift */,
				04DC48A5248649EE00D56591 /* Info.plist */,
			);
			path = SwiftUIDemoTests;
			sourceTree = "<group>";
		};
		04DC48AD248649EE00D56591 /* SwiftUIDemoUITests */ = {
			isa = PBXGroup;
			children = (
				04DC48AE248649EE00D56591 /* SwiftUIDemoUITests.swift */,
				04DC48B0248649EE00D56591 /* Info.plist */,
			);
			path = SwiftUIDemoUITests;
			sourceTree = "<group>";
		};
/* End PBXGroup section */

/* Begin PBXNativeTarget section */
		04DC4888248649E800D56591 /* SwiftUIDemo */ = {
			isa = PBXNativeTarget;
			buildConfigurationList = 04DC48B3248649EE00D56591 /* Build configuration list for PBXNativeTarget "SwiftUIDemo" */;
			buildPhases = (
				04DC4885248649E800D56591 /* Sources */,
				04DC4886248649E800D56591 /* Frameworks */,
				04DC4887248649E800D56591 /* Resources */,
			);
			buildRules = (
			);
			dependencies = (
			);
			name = SwiftUIDemo;
			productName = SwiftUIDemo;
			productReference = 04DC4889248649E800D56591 /* SwiftUIDemo.app */;
			productType = "com.apple.product-type.application";
		};
		04DC489E248649EE00D56591 /* SwiftUIDemoTests */ = {
			isa = PBXNativeTarget;
			buildConfigurationList = 04DC48B6248649EE00D56591 /* Build configuration list for PBXNativeTarget "SwiftUIDemoTests" */;
			buildPhases = (
				04DC489B248649EE00D56591 /* Sources */,
				04DC489C248649EE00D56591 /* Frameworks */,
				04DC489D248649EE00D56591 /* Resources */,
			);
			buildRules = (
			);
			dependencies = (
				04DC48A1248649EE00D56591 /* PBXTargetDependency */,
			);
			name = SwiftUIDemoTests;
			productName = SwiftUIDemoTests;
			productReference = 04DC489F248649EE00D56591 /* SwiftUIDemoTests.xctest */;
			productType = "com.apple.product-type.bundle.unit-test";
		};
		04DC48A9248649EE00D56591 /* SwiftUIDemoUITests */ = {
			isa = PBXNativeTarget;
			buildConfigurationList = 04DC48B9248649EE00D56591 /* Build configuration list for PBXNativeTarget "SwiftUIDemoUITests" */;
			buildPhases = (
				04DC48A6248649EE00D56591 /* Sources */,
				04DC48A7248649EE00D56591 /* Frameworks */,
				04DC48A8248649EE00D56591 /* Resources */,
			);
			buildRules = (
			);
			dependencies = (
				04DC48AC248649EE00D56591 /* PBXTargetDependency */,
			);
			name = SwiftUIDemoUITests;
			productName = SwiftUIDemoUITests;
			productReference = 04DC48AA248649EE00D56591 /* SwiftUIDemoUITests.xctest */;
			productType = "com.apple.product-type.bundle.ui-testing";
		};
/* End PBXNativeTarget section */

/* Begin PBXProject section */
		04DC4881248649E800D56591 /* Project object */ = {
			isa = PBXProject;
			attributes = {
				LastSwiftUpdateCheck = 1130;
				LastUpgradeCheck = 1130;
				ORGANIZATIONNAME = "Rajat Tyagi";
				TargetAttributes = {
					04DC4888248649E800D56591 = {
						CreatedOnToolsVersion = 11.3.1;
					};
					04DC489E248649EE00D56591 = {
						CreatedOnToolsVersion = 11.3.1;
						TestTargetID = 04DC4888248649E800D56591;
					};
					04DC48A9248649EE00D56591 = {
						CreatedOnToolsVersion = 11.3.1;
						TestTargetID = 04DC4888248649E800D56591;
					};
				};
			};
			buildConfigurationList = 04DC4884248649E800D56591 /* Build configuration list for PBXProject "SwiftUIDemo" */;
			compatibilityVersion = "Xcode 9.3";
			developmentRegion = en;
			hasScannedForEncodings = 0;
			knownRegions = (
				en,
				Base,
			);
			mainGroup = 04DC4880248649E800D56591;
			productRefGroup = 04DC488A248649E800D56591 /* Products */;
			projectDirPath = "";
			projectRoot = "";
			targets = (
				04DC4888248649E800D56591 /* SwiftUIDemo */,
				04DC489E248649EE00D56591 /* SwiftUIDemoTests */,
				04DC48A9248649EE00D56591 /* SwiftUIDemoUITests */,
			);
		};
/* End PBXProject section */

/* Begin PBXResourcesBuildPhase section */
		04DC4887248649E800D56591 /* Resources */ = {
			isa = PBXResourcesBuildPhase;
			buildActionMask = 2147483647;
			files = (
				04DC4899248649EE00D56591 /* LaunchScreen.storyboard in Resources */,
				04DC4896248649EE00D56591 /* Preview Assets.xcassets in Resources */,
				04DC4893248649EE00D56591 /* Assets.xcassets in Resources */,
			);
			runOnlyForDeploymentPostprocessing = 0;
		};
		04DC489D248649EE00D56591 /* Resources */ = {
			isa = PBXResourcesBuildPhase;
			buildActionMask = 2147483647;
			files = (
			);
			runOnlyForDeploymentPostprocessing = 0;
		};
		04DC48A8248649EE00D56591 /* Resources */ = {
			isa = PBXResourcesBuildPhase;
			buildActionMask = 2147483647;
			files = (
			);
			runOnlyForDeploymentPostprocessing = 0;
		};
/* End PBXResourcesBuildPhase section */

/* Begin PBXSourcesBuildPhase section */
		04DC4885248649E800D56591 /* Sources */ = {
			isa = PBXSourcesBuildPhase;
			buildActionMask = 2147483647;
			files = (
				04DC48C124864BB500D56591 /* VStackSwiftUIView.swift in Sources */,
				04DC48C324864BC000D56591 /* HStackSwiftUIView.swift in Sources */,
				04DC48C924864D3800D56591 /* MultipleDevicePreview.swift in Sources */,
				04DC48BD24864AE600D56591 /* TextSwitUIView.swift in Sources */,
				04DC48C724864BE000D56591 /* PickerSwiftUIView.swift in Sources */,
				04DC488D248649E800D56591 /* AppDelegate.swift in Sources */,
				04DC48C524864BCF00D56591 /* ButtonSwiftUIView.swift in Sources */,
				04DC488F248649E800D56591 /* SceneDelegate.swift in Sources */,
				04DC4891248649E800D56591 /* ContentView.swift in Sources */,
				04DC48BF24864BA100D56591 /* ImageSwiftUIView.swift in Sources */,
			);
			runOnlyForDeploymentPostprocessing = 0;
		};
		04DC489B248649EE00D56591 /* Sources */ = {
			isa = PBXSourcesBuildPhase;
			buildActionMask = 2147483647;
			files = (
				04DC48A4248649EE00D56591 /* SwiftUIDemoTests.swift in Sources */,
			);
			runOnlyForDeploymentPostprocessing = 0;
		};
		04DC48A6248649EE00D56591 /* Sources */ = {
			isa = PBXSourcesBuildPhase;
			buildActionMask = 2147483647;
			files = (
				04DC48AF248649EE00D56591 /* SwiftUIDemoUITests.swift in Sources */,
			);
			runOnlyForDeploymentPostprocessing = 0;
		};
/* End PBXSourcesBuildPhase section */

/* Begin PBXTargetDependency section */
		04DC48A1248649EE00D56591 /* PBXTargetDependency */ = {
			isa = PBXTargetDependency;
			target = 04DC4888248649E800D56591 /* SwiftUIDemo */;
			targetProxy = 04DC48A0248649EE00D56591 /* PBXContainerItemProxy */;
		};
		04DC48AC248649EE00D56591 /* PBXTargetDependency */ = {
			isa = PBXTargetDependency;
			target = 04DC4888248649E800D56591 /* SwiftUIDemo */;
			targetProxy = 04DC48AB248649EE00D56591 /* PBXContainerItemProxy */;
		};
/* End PBXTargetDependency section */

/* Begin PBXVariantGroup section */
		04DC4897248649EE00D56591 /* LaunchScreen.storyboard */ = {
			isa = PBXVariantGroup;
			children = (
				04DC4898248649EE00D56591 /* Base */,
			);
			name = LaunchScreen.storyboard;
			sourceTree = "<group>";
		};
/* End PBXVariantGroup section */

/* Begin XCBuildConfiguration section */
		04DC48B1248649EE00D56591 /* Debug */ = {
			isa = XCBuildConfiguration;
			buildSettings = {
				ALWAYS_SEARCH_USER_PATHS = NO;
				CLANG_ANALYZER_NONNULL = YES;
				CLANG_ANALYZER_NUMBER_OBJECT_CONVERSION = YES_AGGRESSIVE;
				CLANG_CXX_LANGUAGE_STANDARD = "gnu++14";
				CLANG_CXX_LIBRARY = "libc++";
				CLANG_ENABLE_MODULES = YES;
				CLANG_ENABLE_OBJC_ARC = YES;
				CLANG_ENABLE_OBJC_WEAK = YES;
				CLANG_WARN_BLOCK_CAPTURE_AUTORELEASING = YES;
				CLANG_WARN_BOOL_CONVERSION = YES;
				CLANG_WARN_COMMA = YES;
				CLANG_WARN_CONSTANT_CONVERSION = YES;
				CLANG_WARN_DEPRECATED_OBJC_IMPLEMENTATIONS = YES;
				CLANG_WARN_DIRECT_OBJC_ISA_USAGE = YES_ERROR;
				CLANG_WARN_DOCUMENTATION_COMMENTS = YES;
				CLANG_WARN_EMPTY_BODY = YES;
				CLANG_WARN_ENUM_CONVERSION = YES;
				CLANG_WARN_INFINITE_RECURSION = YES;
				CLANG_WARN_INT_CONVERSION = YES;
				CLANG_WARN_NON_LITERAL_NULL_CONVERSION = YES;
				CLANG_WARN_OBJC_IMPLICIT_RETAIN_SELF = YES;
				CLANG_WARN_OBJC_LITERAL_CONVERSION = YES;
				CLANG_WARN_OBJC_ROOT_CLASS = YES_ERROR;
				CLANG_WARN_RANGE_LOOP_ANALYSIS = YES;
				CLANG_WARN_STRICT_PROTOTYPES = YES;
				CLANG_WARN_SUSPICIOUS_MOVE = YES;
				CLANG_WARN_UNGUARDED_AVAILABILITY = YES_AGGRESSIVE;
				CLANG_WARN_UNREACHABLE_CODE = YES;
				CLANG_WARN__DUPLICATE_METHOD_MATCH = YES;
				COPY_PHASE_STRIP = NO;
				DEBUG_INFORMATION_FORMAT = dwarf;
				ENABLE_STRICT_OBJC_MSGSEND = YES;
				ENABLE_TESTABILITY = YES;
				GCC_C_LANGUAGE_STANDARD = gnu11;
				GCC_DYNAMIC_NO_PIC = NO;
				GCC_NO_COMMON_BLOCKS = YES;
				GCC_OPTIMIZATION_LEVEL = 0;
				GCC_PREPROCESSOR_DEFINITIONS = (
					"DEBUG=1",
					"$(inherited)",
				);
				GCC_WARN_64_TO_32_BIT_CONVERSION = YES;
				GCC_WARN_ABOUT_RETURN_TYPE = YES_ERROR;
				GCC_WARN_UNDECLARED_SELECTOR = YES;
				GCC_WARN_UNINITIALIZED_AUTOS = YES_AGGRESSIVE;
				GCC_WARN_UNUSED_FUNCTION = YES;
				GCC_WARN_UNUSED_VARIABLE = YES;
				IPHONEOS_DEPLOYMENT_TARGET = 13.2;
				MTL_ENABLE_DEBUG_INFO = INCLUDE_SOURCE;
				MTL_FAST_MATH = YES;
				ONLY_ACTIVE_ARCH = YES;
				SDKROOT = iphoneos;
				SWIFT_ACTIVE_COMPILATION_CONDITIONS = DEBUG;
				SWIFT_OPTIMIZATION_LEVEL = "-Onone";
			};
			name = Debug;
		};
		04DC48B2248649EE00D56591 /* Release */ = {
			isa = XCBuildConfiguration;
			buildSettings = {
				ALWAYS_SEARCH_USER_PATHS = NO;
				CLANG_ANALYZER_NONNULL = YES;
				CLANG_ANALYZER_NUMBER_OBJECT_CONVERSION = YES_AGGRESSIVE;
				CLANG_CXX_LANGUAGE_STANDARD = "gnu++14";
				CLANG_CXX_LIBRARY = "libc++";
				CLANG_ENABLE_MODULES = YES;
				CLANG_ENABLE_OBJC_ARC = YES;
				CLANG_ENABLE_OBJC_WEAK = YES;
				CLANG_WARN_BLOCK_CAPTURE_AUTORELEASING = YES;
				CLANG_WARN_BOOL_CONVERSION = YES;
				CLANG_WARN_COMMA = YES;
				CLANG_WARN_CONSTANT_CONVERSION = YES;
				CLANG_WARN_DEPRECATED_OBJC_IMPLEMENTATIONS = YES;
				CLANG_WARN_DIRECT_OBJC_ISA_USAGE = YES_ERROR;
				CLANG_WARN_DOCUMENTATION_COMMENTS = YES;
				CLANG_WARN_EMPTY_BODY = YES;
				CLANG_WARN_ENUM_CONVERSION = YES;
				CLANG_WARN_INFINITE_RECURSION = YES;
				CLANG_WARN_INT_CONVERSION = YES;
				CLANG_WARN_NON_LITERAL_NULL_CONVERSION = YES;
				CLANG_WARN_OBJC_IMPLICIT_RETAIN_SELF = YES;
				CLANG_WARN_OBJC_LITERAL_CONVERSION = YES;
				CLANG_WARN_OBJC_ROOT_CLASS = YES_ERROR;
				CLANG_WARN_RANGE_LOOP_ANALYSIS = YES;
				CLANG_WARN_STRICT_PROTOTYPES = YES;
				CLANG_WARN_SUSPICIOUS_MOVE = YES;
				CLANG_WARN_UNGUARDED_AVAILABILITY = YES_AGGRESSIVE;
				CLANG_WARN_UNREACHABLE_CODE = YES;
				CLANG_WARN__DUPLICATE_METHOD_MATCH = YES;
				COPY_PHASE_STRIP = NO;
				DEBUG_INFORMATION_FORMAT = "dwarf-with-dsym";
				ENABLE_NS_ASSERTIONS = NO;
				ENABLE_STRICT_OBJC_MSGSEND = YES;
				GCC_C_LANGUAGE_STANDARD = gnu11;
				GCC_NO_COMMON_BLOCKS = YES;
				GCC_WARN_64_TO_32_BIT_CONVERSION = YES;
				GCC_WARN_ABOUT_RETURN_TYPE = YES_ERROR;
				GCC_WARN_UNDECLARED_SELECTOR = YES;
				GCC_WARN_UNINITIALIZED_AUTOS = YES_AGGRESSIVE;
				GCC_WARN_UNUSED_FUNCTION = YES;
				GCC_WARN_UNUSED_VARIABLE = YES;
				IPHONEOS_DEPLOYMENT_TARGET = 13.2;
				MTL_ENABLE_DEBUG_INFO = NO;
				MTL_FAST_MATH = YES;
				SDKROOT = iphoneos;
				SWIFT_COMPILATION_MODE = wholemodule;
				SWIFT_OPTIMIZATION_LEVEL = "-O";
				VALIDATE_PRODUCT = YES;
			};
			name = Release;
		};
		04DC48B4248649EE00D56591 /* Debug */ = {
			isa = XCBuildConfiguration;
			buildSettings = {
				ASSETCATALOG_COMPILER_APPICON_NAME = AppIcon;
				CODE_SIGN_STYLE = Automatic;
				DEVELOPMENT_ASSET_PATHS = "\"SwiftUIDemo/Preview Content\"";
				ENABLE_PREVIEWS = YES;
				INFOPLIST_FILE = SwiftUIDemo/Info.plist;
				LD_RUNPATH_SEARCH_PATHS = (
					"$(inherited)",
					"@executable_path/Frameworks",
				);
				PRODUCT_BUNDLE_IDENTIFIER = com.RajatTyagi.SwiftUIDemo;
				PRODUCT_NAME = "$(TARGET_NAME)";
				SWIFT_VERSION = 5.0;
				TARGETED_DEVICE_FAMILY = "1,2";
			};
			name = Debug;
		};
		04DC48B5248649EE00D56591 /* Release */ = {
			isa = XCBuildConfiguration;
			buildSettings = {
				ASSETCATALOG_COMPILER_APPICON_NAME = AppIcon;
				CODE_SIGN_STYLE = Automatic;
				DEVELOPMENT_ASSET_PATHS = "\"SwiftUIDemo/Preview Content\"";
				ENABLE_PREVIEWS = YES;
				INFOPLIST_FILE = SwiftUIDemo/Info.plist;
				LD_RUNPATH_SEARCH_PATHS = (
					"$(inherited)",
					"@executable_path/Frameworks",
				);
				PRODUCT_BUNDLE_IDENTIFIER = com.RajatTyagi.SwiftUIDemo;
				PRODUCT_NAME = "$(TARGET_NAME)";
				SWIFT_VERSION = 5.0;
				TARGETED_DEVICE_FAMILY = "1,2";
			};
			name = Release;
		};
		04DC48B7248649EE00D56591 /* Debug */ = {
			isa = XCBuildConfiguration;
			buildSettings = {
				ALWAYS_EMBED_SWIFT_STANDARD_LIBRARIES = YES;
				BUNDLE_LOADER = "$(TEST_HOST)";
				CODE_SIGN_STYLE = Automatic;
				INFOPLIST_FILE = SwiftUIDemoTests/Info.plist;
				IPHONEOS_DEPLOYMENT_TARGET = 13.2;
				LD_RUNPATH_SEARCH_PATHS = (
					"$(inherited)",
					"@executable_path/Frameworks",
					"@loader_path/Frameworks",
				);
				PRODUCT_BUNDLE_IDENTIFIER = com.RajatTyagi.SwiftUIDemoTests;
				PRODUCT_NAME = "$(TARGET_NAME)";
				SWIFT_VERSION = 5.0;
				TARGETED_DEVICE_FAMILY = "1,2";
				TEST_HOST = "$(BUILT_PRODUCTS_DIR)/SwiftUIDemo.app/SwiftUIDemo";
			};
			name = Debug;
		};
		04DC48B8248649EE00D56591 /* Release */ = {
			isa = XCBuildConfiguration;
			buildSettings = {
				ALWAYS_EMBED_SWIFT_STANDARD_LIBRARIES = YES;
				BUNDLE_LOADER = "$(TEST_HOST)";
				CODE_SIGN_STYLE = Automatic;
				INFOPLIST_FILE = SwiftUIDemoTests/Info.plist;
				IPHONEOS_DEPLOYMENT_TARGET = 13.2;
				LD_RUNPATH_SEARCH_PATHS = (
					"$(inherited)",
					"@executable_path/Frameworks",
					"@loader_path/Frameworks",
				);
				PRODUCT_BUNDLE_IDENTIFIER = com.RajatTyagi.SwiftUIDemoTests;
				PRODUCT_NAME = "$(TARGET_NAME)";
				SWIFT_VERSION = 5.0;
				TARGETED_DEVICE_FAMILY = "1,2";
				TEST_HOST = "$(BUILT_PRODUCTS_DIR)/SwiftUIDemo.app/SwiftUIDemo";
			};
			name = Release;
		};
		04DC48BA248649EE00D56591 /* Debug */ = {
			isa = XCBuildConfiguration;
			buildSettings = {
				ALWAYS_EMBED_SWIFT_STANDARD_LIBRARIES = YES;
				CODE_SIGN_STYLE = Automatic;
				INFOPLIST_FILE = SwiftUIDemoUITests/Info.plist;
				LD_RUNPATH_SEARCH_PATHS = (
					"$(inherited)",
					"@executable_path/Frameworks",
					"@loader_path/Frameworks",
				);
				PRODUCT_BUNDLE_IDENTIFIER = com.RajatTyagi.SwiftUIDemoUITests;
				PRODUCT_NAME = "$(TARGET_NAME)";
				SWIFT_VERSION = 5.0;
				TARGETED_DEVICE_FAMILY = "1,2";
				TEST_TARGET_NAME = SwiftUIDemo;
			};
			name = Debug;
		};
		04DC48BB248649EE00D56591 /* Release */ = {
			isa = XCBuildConfiguration;
			buildSettings = {
				ALWAYS_EMBED_SWIFT_STANDARD_LIBRARIES = YES;
				CODE_SIGN_STYLE = Automatic;
				INFOPLIST_FILE = SwiftUIDemoUITests/Info.plist;
				LD_RUNPATH_SEARCH_PATHS = (
					"$(inherited)",
					"@executable_path/Frameworks",
					"@loader_path/Frameworks",
				);
				PRODUCT_BUNDLE_IDENTIFIER = com.RajatTyagi.SwiftUIDemoUITests;
				PRODUCT_NAME = "$(TARGET_NAME)";
				SWIFT_VERSION = 5.0;
				TARGETED_DEVICE_FAMILY = "1,2";
				TEST_TARGET_NAME = SwiftUIDemo;
			};
			name = Release;
		};
/* End XCBuildConfiguration section */

/* Begin XCConfigurationList section */
		04DC4884248649E800D56591 /* Build configuration list for PBXProject "SwiftUIDemo" */ = {
			isa = XCConfigurationList;
			buildConfigurations = (
				04DC48B1248649EE00D56591 /* Debug */,
				04DC48B2248649EE00D56591 /* Release */,
			);
			defaultConfigurationIsVisible = 0;
			defaultConfigurationName = Release;
		};
		04DC48B3248649EE00D56591 /* Build configuration list for PBXNativeTarget "SwiftUIDemo" */ = {
			isa = XCConfigurationList;
			buildConfigurations = (
				04DC48B4248649EE00D56591 /* Debug */,
				04DC48B5248649EE00D56591 /* Release */,
			);
			defaultConfigurationIsVisible = 0;
			defaultConfigurationName = Release;
		};
		04DC48B6248649EE00D56591 /* Build configuration list for PBXNativeTarget "SwiftUIDemoTests" */ = {
			isa = XCConfigurationList;
			buildConfigurations = (
				04DC48B7248649EE00D56591 /* Debug */,
				04DC48B8248649EE00D56591 /* Release */,
			);
			defaultConfigurationIsVisible = 0;
			defaultConfigurationName = Release;
		};
		04DC48B9248649EE00D56591 /* Build configuration list for PBXNativeTarget "SwiftUIDemoUITests" */ = {
			isa = XCConfigurationList;
			buildConfigurations = (
				04DC48BA248649EE00D56591 /* Debug */,
				04DC48BB248649EE00D56591 /* Release */,
			);
			defaultConfigurationIsVisible = 0;
			defaultConfigurationName = Release;
		};
/* End XCConfigurationList section */
	};
	rootObject = 04DC4881248649E800D56591 /* Project object */;
}
