// !$*UTF8*$!
{
	archiveVersion = 1;
	classes = {
	};
	objectVersion = 50;
	objects = {

/* Begin PBXBuildFile section */
		044A37672408C2DA000BA949 /* AppDelegate.swift in Sources */ = {isa = PBXBuildFile; fileRef = 044A37662408C2DA000BA949 /* AppDelegate.swift */; };
		044A37692408C2DA000BA949 /* SceneDelegate.swift in Sources */ = {isa = PBXBuildFile; fileRef = 044A37682408C2DA000BA949 /* SceneDelegate.swift */; };
		044A376B2408C2DA000BA949 /* ViewController.swift in Sources */ = {isa = PBXBuildFile; fileRef = 044A376A2408C2DA000BA949 /* ViewController.swift */; };
		044A376E2408C2DA000BA949 /* Main.storyboard in Resources */ = {isa = PBXBuildFile; fileRef = 044A376C2408C2DA000BA949 /* Main.storyboard */; };
		044A37702408C2E0000BA949 /* Assets.xcassets in Resources */ = {isa = PBXBuildFile; fileRef = 044A376F2408C2E0000BA949 /* Assets.xcassets */; };
		044A37732408C2E0000BA949 /* LaunchScreen.storyboard in Resources */ = {isa = PBXBuildFile; fileRef = 044A37712408C2E0000BA949 /* LaunchScreen.storyboard */; };
		044A377E2408C2E0000BA949 /* SignUpFormTests.swift in Sources */ = {isa = PBXBuildFile; fileRef = 044A377D2408C2E0000BA949 /* SignUpFormTests.swift */; };
		044A37892408C2E0000BA949 /* SignUpFormUITests.swift in Sources */ = {isa = PBXBuildFile; fileRef = 044A37882408C2E0000BA949 /* SignUpFormUITests.swift */; };
		044A379724091D03000BA949 /* SecondViewController.swift in Sources */ = {isa = PBXBuildFile; fileRef = 044A379624091D03000BA949 /* SecondViewController.swift */; };
		044A3799240989A3000BA949 /* ThirdViewController.swift in Sources */ = {isa = PBXBuildFile; fileRef = 044A3798240989A3000BA949 /* ThirdViewController.swift */; };
/* End PBXBuildFile section */

/* Begin PBXContainerItemProxy section */
		044A377A2408C2E0000BA949 /* PBXContainerItemProxy */ = {
			isa = PBXContainerItemProxy;
			containerPortal = 044A375B2408C2DA000BA949 /* Project object */;
			proxyType = 1;
			remoteGlobalIDString = 044A37622408C2DA000BA949;
			remoteInfo = SignUpForm;
		};
		044A37852408C2E0000BA949 /* PBXContainerItemProxy */ = {
			isa = PBXContainerItemProxy;
			containerPortal = 044A375B2408C2DA000BA949 /* Project object */;
			proxyType = 1;
			remoteGlobalIDString = 044A37622408C2DA000BA949;
			remoteInfo = SignUpForm;
		};
/* End PBXContainerItemProxy section */

/* Begin PBXFileReference section */
		044A37632408C2DA000BA949 /* SignUpForm.app */ = {isa = PBXFileReference; explicitFileType = wrapper.application; includeInIndex = 0; path = SignUpForm.app; sourceTree = BUILT_PRODUCTS_DIR; };
		044A37662408C2DA000BA949 /* AppDelegate.swift */ = {isa = PBXFileReference; lastKnownFileType = sourcecode.swift; path = AppDelegate.swift; sourceTree = "<group>"; };
		044A37682408C2DA000BA949 /* SceneDelegate.swift */ = {isa = PBXFileReference; lastKnownFileType = sourcecode.swift; path = SceneDelegate.swift; sourceTree = "<group>"; };
		044A376A2408C2DA000BA949 /* ViewController.swift */ = {isa = PBXFileReference; lastKnownFileType = sourcecode.swift; path = ViewController.swift; sourceTree = "<group>"; };
		044A376D2408C2DA000BA949 /* Base */ = {isa = PBXFileReference; lastKnownFileType = file.storyboard; name = Base; path = Base.lproj/Main.storyboard; sourceTree = "<group>"; };
		044A376F2408C2E0000BA949 /* Assets.xcassets */ = {isa = PBXFileReference; lastKnownFileType = folder.assetcatalog; path = Assets.xcassets; sourceTree = "<group>"; };
		044A37722408C2E0000BA949 /* Base */ = {isa = PBXFileReference; lastKnownFileType = file.storyboard; name = Base; path = Base.lproj/LaunchScreen.storyboard; sourceTree = "<group>"; };
		044A37742408C2E0000BA949 /* Info.plist */ = {isa = PBXFileReference; lastKnownFileType = text.plist.xml; path = Info.plist; sourceTree = "<group>"; };
		044A37792408C2E0000BA949 /* SignUpFormTests.xctest */ = {isa = PBXFileReference; explicitFileType = wrapper.cfbundle; includeInIndex = 0; path = SignUpFormTests.xctest; sourceTree = BUILT_PRODUCTS_DIR; };
		044A377D2408C2E0000BA949 /* SignUpFormTests.swift */ = {isa = PBXFileReference; lastKnownFileType = sourcecode.swift; path = SignUpFormTests.swift; sourceTree = "<group>"; };
		044A377F2408C2E0000BA949 /* Info.plist */ = {isa = PBXFileReference; lastKnownFileType = text.plist.xml; path = Info.plist; sourceTree = "<group>"; };
		044A37842408C2E0000BA949 /* SignUpFormUITests.xctest */ = {isa = PBXFileReference; explicitFileType = wrapper.cfbundle; includeInIndex = 0; path = SignUpFormUITests.xctest; sourceTree = BUILT_PRODUCTS_DIR; };
		044A37882408C2E0000BA949 /* SignUpFormUITests.swift */ = {isa = PBXFileReference; lastKnownFileType = sourcecode.swift; path = SignUpFormUITests.swift; sourceTree = "<group>"; };
		044A378A2408C2E0000BA949 /* Info.plist */ = {isa = PBXFileReference; lastKnownFileType = text.plist.xml; path = Info.plist; sourceTree = "<group>"; };
		044A379624091D03000BA949 /* SecondViewController.swift */ = {isa = PBXFileReference; lastKnownFileType = sourcecode.swift; path = SecondViewController.swift; sourceTree = "<group>"; };
		044A3798240989A3000BA949 /* ThirdViewController.swift */ = {isa = PBXFileReference; lastKnownFileType = sourcecode.swift; path = ThirdViewController.swift; sourceTree = "<group>"; };
/* End PBXFileReference section */

/* Begin PBXFrameworksBuildPhase section */
		044A37602408C2DA000BA949 /* Frameworks */ = {
			isa = PBXFrameworksBuildPhase;
			buildActionMask = 2147483647;
			files = (
			);
			runOnlyForDeploymentPostprocessing = 0;
		};
		044A37762408C2E0000BA949 /* Frameworks */ = {
			isa = PBXFrameworksBuildPhase;
			buildActionMask = 2147483647;
			files = (
			);
			runOnlyForDeploymentPostprocessing = 0;
		};
		044A37812408C2E0000BA949 /* Frameworks */ = {
			isa = PBXFrameworksBuildPhase;
			buildActionMask = 2147483647;
			files = (
			);
			runOnlyForDeploymentPostprocessing = 0;
		};
/* End PBXFrameworksBuildPhase section */

/* Begin PBXGroup section */
		044A375A2408C2DA000BA949 = {
			isa = PBXGroup;
			children = (
				044A37652408C2DA000BA949 /* SignUpForm */,
				044A377C2408C2E0000BA949 /* SignUpFormTests */,
				044A37872408C2E0000BA949 /* SignUpFormUITests */,
				044A37642408C2DA000BA949 /* Products */,
			);
			sourceTree = "<group>";
		};
		044A37642408C2DA000BA949 /* Products */ = {
			isa = PBXGroup;
			children = (
				044A37632408C2DA000BA949 /* SignUpForm.app */,
				044A37792408C2E0000BA949 /* SignUpFormTests.xctest */,
				044A37842408C2E0000BA949 /* SignUpFormUITests.xctest */,
			);
			name = Products;
			sourceTree = "<group>";
		};
		044A37652408C2DA000BA949 /* SignUpForm */ = {
			isa = PBXGroup;
			children = (
				044A37662408C2DA000BA949 /* AppDelegate.swift */,
				044A37682408C2DA000BA949 /* SceneDelegate.swift */,
				044A376C2408C2DA000BA949 /* Main.storyboard */,
				044A376A2408C2DA000BA949 /* ViewController.swift */,
				044A379624091D03000BA949 /* SecondViewController.swift */,
				044A3798240989A3000BA949 /* ThirdViewController.swift */,
				044A376F2408C2E0000BA949 /* Assets.xcassets */,
				044A37712408C2E0000BA949 /* LaunchScreen.storyboard */,
				044A37742408C2E0000BA949 /* Info.plist */,
			);
			path = SignUpForm;
			sourceTree = "<group>";
		};
		044A377C2408C2E0000BA949 /* SignUpFormTests */ = {
			isa = PBXGroup;
			children = (
				044A377D2408C2E0000BA949 /* SignUpFormTests.swift */,
				044A377F2408C2E0000BA949 /* Info.plist */,
			);
			path = SignUpFormTests;
			sourceTree = "<group>";
		};
		044A37872408C2E0000BA949 /* SignUpFormUITests */ = {
			isa = PBXGroup;
			children = (
				044A37882408C2E0000BA949 /* SignUpFormUITests.swift */,
				044A378A2408C2E0000BA949 /* Info.plist */,
			);
			path = SignUpFormUITests;
			sourceTree = "<group>";
		};
/* End PBXGroup section */

/* Begin PBXNativeTarget section */
		044A37622408C2DA000BA949 /* SignUpForm */ = {
			isa = PBXNativeTarget;
			buildConfigurationList = 044A378D2408C2E0000BA949 /* Build configuration list for PBXNativeTarget "SignUpForm" */;
			buildPhases = (
				044A375F2408C2DA000BA949 /* Sources */,
				044A37602408C2DA000BA949 /* Frameworks */,
				044A37612408C2DA000BA949 /* Resources */,
			);
			buildRules = (
			);
			dependencies = (
			);
			name = SignUpForm;
			productName = SignUpForm;
			productReference = 044A37632408C2DA000BA949 /* SignUpForm.app */;
			productType = "com.apple.product-type.application";
		};
		044A37782408C2E0000BA949 /* SignUpFormTests */ = {
			isa = PBXNativeTarget;
			buildConfigurationList = 044A37902408C2E0000BA949 /* Build configuration list for PBXNativeTarget "SignUpFormTests" */;
			buildPhases = (
				044A37752408C2E0000BA949 /* Sources */,
				044A37762408C2E0000BA949 /* Frameworks */,
				044A37772408C2E0000BA949 /* Resources */,
			);
			buildRules = (
			);
			dependencies = (
				044A377B2408C2E0000BA949 /* PBXTargetDependency */,
			);
			name = SignUpFormTests;
			productName = SignUpFormTests;
			productReference = 044A37792408C2E0000BA949 /* SignUpFormTests.xctest */;
			productType = "com.apple.product-type.bundle.unit-test";
		};
		044A37832408C2E0000BA949 /* SignUpFormUITests */ = {
			isa = PBXNativeTarget;
			buildConfigurationList = 044A37932408C2E0000BA949 /* Build configuration list for PBXNativeTarget "SignUpFormUITests" */;
			buildPhases = (
				044A37802408C2E0000BA949 /* Sources */,
				044A37812408C2E0000BA949 /* Frameworks */,
				044A37822408C2E0000BA949 /* Resources */,
			);
			buildRules = (
			);
			dependencies = (
				044A37862408C2E0000BA949 /* PBXTargetDependency */,
			);
			name = SignUpFormUITests;
			productName = SignUpFormUITests;
			productReference = 044A37842408C2E0000BA949 /* SignUpFormUITests.xctest */;
			productType = "com.apple.product-type.bundle.ui-testing";
		};
/* End PBXNativeTarget section */

/* Begin PBXProject section */
		044A375B2408C2DA000BA949 /* Project object */ = {
			isa = PBXProject;
			attributes = {
				LastSwiftUpdateCheck = 1130;
				LastUpgradeCheck = 1130;
				ORGANIZATIONNAME = "Rajat Tyagi";
				TargetAttributes = {
					044A37622408C2DA000BA949 = {
						CreatedOnToolsVersion = 11.3.1;
					};
					044A37782408C2E0000BA949 = {
						CreatedOnToolsVersion = 11.3.1;
						TestTargetID = 044A37622408C2DA000BA949;
					};
					044A37832408C2E0000BA949 = {
						CreatedOnToolsVersion = 11.3.1;
						TestTargetID = 044A37622408C2DA000BA949;
					};
				};
			};
			buildConfigurationList = 044A375E2408C2DA000BA949 /* Build configuration list for PBXProject "SignUpForm" */;
			compatibilityVersion = "Xcode 9.3";
			developmentRegion = en;
			hasScannedForEncodings = 0;
			knownRegions = (
				en,
				Base,
			);
			mainGroup = 044A375A2408C2DA000BA949;
			productRefGroup = 044A37642408C2DA000BA949 /* Products */;
			projectDirPath = "";
			projectRoot = "";
			targets = (
				044A37622408C2DA000BA949 /* SignUpForm */,
				044A37782408C2E0000BA949 /* SignUpFormTests */,
				044A37832408C2E0000BA949 /* SignUpFormUITests */,
			);
		};
/* End PBXProject section */

/* Begin PBXResourcesBuildPhase section */
		044A37612408C2DA000BA949 /* Resources */ = {
			isa = PBXResourcesBuildPhase;
			buildActionMask = 2147483647;
			files = (
				044A37732408C2E0000BA949 /* LaunchScreen.storyboard in Resources */,
				044A37702408C2E0000BA949 /* Assets.xcassets in Resources */,
				044A376E2408C2DA000BA949 /* Main.storyboard in Resources */,
			);
			runOnlyForDeploymentPostprocessing = 0;
		};
		044A37772408C2E0000BA949 /* Resources */ = {
			isa = PBXResourcesBuildPhase;
			buildActionMask = 2147483647;
			files = (
			);
			runOnlyForDeploymentPostprocessing = 0;
		};
		044A37822408C2E0000BA949 /* Resources */ = {
			isa = PBXResourcesBuildPhase;
			buildActionMask = 2147483647;
			files = (
			);
			runOnlyForDeploymentPostprocessing = 0;
		};
/* End PBXResourcesBuildPhase section */

/* Begin PBXSourcesBuildPhase section */
		044A375F2408C2DA000BA949 /* Sources */ = {
			isa = PBXSourcesBuildPhase;
			buildActionMask = 2147483647;
			files = (
				044A379724091D03000BA949 /* SecondViewController.swift in Sources */,
				044A376B2408C2DA000BA949 /* ViewController.swift in Sources */,
				044A3799240989A3000BA949 /* ThirdViewController.swift in Sources */,
				044A37672408C2DA000BA949 /* AppDelegate.swift in Sources */,
				044A37692408C2DA000BA949 /* SceneDelegate.swift in Sources */,
			);
			runOnlyForDeploymentPostprocessing = 0;
		};
		044A37752408C2E0000BA949 /* Sources */ = {
			isa = PBXSourcesBuildPhase;
			buildActionMask = 2147483647;
			files = (
				044A377E2408C2E0000BA949 /* SignUpFormTests.swift in Sources */,
			);
			runOnlyForDeploymentPostprocessing = 0;
		};
		044A37802408C2E0000BA949 /* Sources */ = {
			isa = PBXSourcesBuildPhase;
			buildActionMask = 2147483647;
			files = (
				044A37892408C2E0000BA949 /* SignUpFormUITests.swift in Sources */,
			);
			runOnlyForDeploymentPostprocessing = 0;
		};
/* End PBXSourcesBuildPhase section */

/* Begin PBXTargetDependency section */
		044A377B2408C2E0000BA949 /* PBXTargetDependency */ = {
			isa = PBXTargetDependency;
			target = 044A37622408C2DA000BA949 /* SignUpForm */;
			targetProxy = 044A377A2408C2E0000BA949 /* PBXContainerItemProxy */;
		};
		044A37862408C2E0000BA949 /* PBXTargetDependency */ = {
			isa = PBXTargetDependency;
			target = 044A37622408C2DA000BA949 /* SignUpForm */;
			targetProxy = 044A37852408C2E0000BA949 /* PBXContainerItemProxy */;
		};
/* End PBXTargetDependency section */

/* Begin PBXVariantGroup section */
		044A376C2408C2DA000BA949 /* Main.storyboard */ = {
			isa = PBXVariantGroup;
			children = (
				044A376D2408C2DA000BA949 /* Base */,
			);
			name = Main.storyboard;
			sourceTree = "<group>";
		};
		044A37712408C2E0000BA949 /* LaunchScreen.storyboard */ = {
			isa = PBXVariantGroup;
			children = (
				044A37722408C2E0000BA949 /* Base */,
			);
			name = LaunchScreen.storyboard;
			sourceTree = "<group>";
		};
/* End PBXVariantGroup section */

/* Begin XCBuildConfiguration section */
		044A378B2408C2E0000BA949 /* Debug */ = {
			isa = XCBuildConfiguration;
			buildSettings = {
				ALWAYS_SEARCH_USER_PATHS = NO;
				CLANG_ANALYZER_NONNULL = YES;
				CLANG_ANALYZER_NUMBER_OBJECT_CONVERSION = YES_AGGRESSIVE;
				CLANG_CXX_LANGUAGE_STANDARD = "gnu++14";
				CLANG_CXX_LIBRARY = "libc++";
				CLANG_ENABLE_MODULES = YES;
				CLANG_ENABLE_OBJC_ARC = YES;
				CLANG_ENABLE_OBJC_WEAK = YES;
				CLANG_WARN_BLOCK_CAPTURE_AUTORELEASING = YES;
				CLANG_WARN_BOOL_CONVERSION = YES;
				CLANG_WARN_COMMA = YES;
				CLANG_WARN_CONSTANT_CONVERSION = YES;
				CLANG_WARN_DEPRECATED_OBJC_IMPLEMENTATIONS = YES;
				CLANG_WARN_DIRECT_OBJC_ISA_USAGE = YES_ERROR;
				CLANG_WARN_DOCUMENTATION_COMMENTS = YES;
				CLANG_WARN_EMPTY_BODY = YES;
				CLANG_WARN_ENUM_CONVERSION = YES;
				CLANG_WARN_INFINITE_RECURSION = YES;
				CLANG_WARN_INT_CONVERSION = YES;
				CLANG_WARN_NON_LITERAL_NULL_CONVERSION = YES;
				CLANG_WARN_OBJC_IMPLICIT_RETAIN_SELF = YES;
				CLANG_WARN_OBJC_LITERAL_CONVERSION = YES;
				CLANG_WARN_OBJC_ROOT_CLASS = YES_ERROR;
				CLANG_WARN_RANGE_LOOP_ANALYSIS = YES;
				CLANG_WARN_STRICT_PROTOTYPES = YES;
				CLANG_WARN_SUSPICIOUS_MOVE = YES;
				CLANG_WARN_UNGUARDED_AVAILABILITY = YES_AGGRESSIVE;
				CLANG_WARN_UNREACHABLE_CODE = YES;
				CLANG_WARN__DUPLICATE_METHOD_MATCH = YES;
				COPY_PHASE_STRIP = NO;
				DEBUG_INFORMATION_FORMAT = dwarf;
				ENABLE_STRICT_OBJC_MSGSEND = YES;
				ENABLE_TESTABILITY = YES;
				GCC_C_LANGUAGE_STANDARD = gnu11;
				GCC_DYNAMIC_NO_PIC = NO;
				GCC_NO_COMMON_BLOCKS = YES;
				GCC_OPTIMIZATION_LEVEL = 0;
				GCC_PREPROCESSOR_DEFINITIONS = (
					"DEBUG=1",
					"$(inherited)",
				);
				GCC_WARN_64_TO_32_BIT_CONVERSION = YES;
				GCC_WARN_ABOUT_RETURN_TYPE = YES_ERROR;
				GCC_WARN_UNDECLARED_SELECTOR = YES;
				GCC_WARN_UNINITIALIZED_AUTOS = YES_AGGRESSIVE;
				GCC_WARN_UNUSED_FUNCTION = YES;
				GCC_WARN_UNUSED_VARIABLE = YES;
				IPHONEOS_DEPLOYMENT_TARGET = 13.2;
				MTL_ENABLE_DEBUG_INFO = INCLUDE_SOURCE;
				MTL_FAST_MATH = YES;
				ONLY_ACTIVE_ARCH = YES;
				SDKROOT = iphoneos;
				SWIFT_ACTIVE_COMPILATION_CONDITIONS = DEBUG;
				SWIFT_OPTIMIZATION_LEVEL = "-Onone";
			};
			name = Debug;
		};
		044A378C2408C2E0000BA949 /* Release */ = {
			isa = XCBuildConfiguration;
			buildSettings = {
				ALWAYS_SEARCH_USER_PATHS = NO;
				CLANG_ANALYZER_NONNULL = YES;
				CLANG_ANALYZER_NUMBER_OBJECT_CONVERSION = YES_AGGRESSIVE;
				CLANG_CXX_LANGUAGE_STANDARD = "gnu++14";
				CLANG_CXX_LIBRARY = "libc++";
				CLANG_ENABLE_MODULES = YES;
				CLANG_ENABLE_OBJC_ARC = YES;
				CLANG_ENABLE_OBJC_WEAK = YES;
				CLANG_WARN_BLOCK_CAPTURE_AUTORELEASING = YES;
				CLANG_WARN_BOOL_CONVERSION = YES;
				CLANG_WARN_COMMA = YES;
				CLANG_WARN_CONSTANT_CONVERSION = YES;
				CLANG_WARN_DEPRECATED_OBJC_IMPLEMENTATIONS = YES;
				CLANG_WARN_DIRECT_OBJC_ISA_USAGE = YES_ERROR;
				CLANG_WARN_DOCUMENTATION_COMMENTS = YES;
				CLANG_WARN_EMPTY_BODY = YES;
				CLANG_WARN_ENUM_CONVERSION = YES;
				CLANG_WARN_INFINITE_RECURSION = YES;
				CLANG_WARN_INT_CONVERSION = YES;
				CLANG_WARN_NON_LITERAL_NULL_CONVERSION = YES;
				CLANG_WARN_OBJC_IMPLICIT_RETAIN_SELF = YES;
				CLANG_WARN_OBJC_LITERAL_CONVERSION = YES;
				CLANG_WARN_OBJC_ROOT_CLASS = YES_ERROR;
				CLANG_WARN_RANGE_LOOP_ANALYSIS = YES;
				CLANG_WARN_STRICT_PROTOTYPES = YES;
				CLANG_WARN_SUSPICIOUS_MOVE = YES;
				CLANG_WARN_UNGUARDED_AVAILABILITY = YES_AGGRESSIVE;
				CLANG_WARN_UNREACHABLE_CODE = YES;
				CLANG_WARN__DUPLICATE_METHOD_MATCH = YES;
				COPY_PHASE_STRIP = NO;
				DEBUG_INFORMATION_FORMAT = "dwarf-with-dsym";
				ENABLE_NS_ASSERTIONS = NO;
				ENABLE_STRICT_OBJC_MSGSEND = YES;
				GCC_C_LANGUAGE_STANDARD = gnu11;
				GCC_NO_COMMON_BLOCKS = YES;
				GCC_WARN_64_TO_32_BIT_CONVERSION = YES;
				GCC_WARN_ABOUT_RETURN_TYPE = YES_ERROR;
				GCC_WARN_UNDECLARED_SELECTOR = YES;
				GCC_WARN_UNINITIALIZED_AUTOS = YES_AGGRESSIVE;
				GCC_WARN_UNUSED_FUNCTION = YES;
				GCC_WARN_UNUSED_VARIABLE = YES;
				IPHONEOS_DEPLOYMENT_TARGET = 13.2;
				MTL_ENABLE_DEBUG_INFO = NO;
				MTL_FAST_MATH = YES;
				SDKROOT = iphoneos;
				SWIFT_COMPILATION_MODE = wholemodule;
				SWIFT_OPTIMIZATION_LEVEL = "-O";
				VALIDATE_PRODUCT = YES;
			};
			name = Release;
		};
		044A378E2408C2E0000BA949 /* Debug */ = {
			isa = XCBuildConfiguration;
			buildSettings = {
				ASSETCATALOG_COMPILER_APPICON_NAME = AppIcon;
				CODE_SIGN_STYLE = Automatic;
				INFOPLIST_FILE = SignUpForm/Info.plist;
				LD_RUNPATH_SEARCH_PATHS = (
					"$(inherited)",
					"@executable_path/Frameworks",
				);
				PRODUCT_BUNDLE_IDENTIFIER = com..SignUpForm;
				PRODUCT_NAME = "$(TARGET_NAME)";
				SWIFT_VERSION = 5.0;
				TARGETED_DEVICE_FAMILY = "1,2";
			};
			name = Debug;
		};
		044A378F2408C2E0000BA949 /* Release */ = {
			isa = XCBuildConfiguration;
			buildSettings = {
				ASSETCATALOG_COMPILER_APPICON_NAME = AppIcon;
				CODE_SIGN_STYLE = Automatic;
				INFOPLIST_FILE = SignUpForm/Info.plist;
				LD_RUNPATH_SEARCH_PATHS = (
					"$(inherited)",
					"@executable_path/Frameworks",
				);
				PRODUCT_BUNDLE_IDENTIFIER = com..SignUpForm;
				PRODUCT_NAME = "$(TARGET_NAME)";
				SWIFT_VERSION = 5.0;
				TARGETED_DEVICE_FAMILY = "1,2";
			};
			name = Release;
		};
		044A37912408C2E0000BA949 /* Debug */ = {
			isa = XCBuildConfiguration;
			buildSettings = {
				ALWAYS_EMBED_SWIFT_STANDARD_LIBRARIES = YES;
				BUNDLE_LOADER = "$(TEST_HOST)";
				CODE_SIGN_STYLE = Automatic;
				INFOPLIST_FILE = SignUpFormTests/Info.plist;
				IPHONEOS_DEPLOYMENT_TARGET = 13.2;
				LD_RUNPATH_SEARCH_PATHS = (
					"$(inherited)",
					"@executable_path/Frameworks",
					"@loader_path/Frameworks",
				);
				PRODUCT_BUNDLE_IDENTIFIER = com..SignUpFormTests;
				PRODUCT_NAME = "$(TARGET_NAME)";
				SWIFT_VERSION = 5.0;
				TARGETED_DEVICE_FAMILY = "1,2";
				TEST_HOST = "$(BUILT_PRODUCTS_DIR)/SignUpForm.app/SignUpForm";
			};
			name = Debug;
		};
		044A37922408C2E0000BA949 /* Release */ = {
			isa = XCBuildConfiguration;
			buildSettings = {
				ALWAYS_EMBED_SWIFT_STANDARD_LIBRARIES = YES;
				BUNDLE_LOADER = "$(TEST_HOST)";
				CODE_SIGN_STYLE = Automatic;
				INFOPLIST_FILE = SignUpFormTests/Info.plist;
				IPHONEOS_DEPLOYMENT_TARGET = 13.2;
				LD_RUNPATH_SEARCH_PATHS = (
					"$(inherited)",
					"@executable_path/Frameworks",
					"@loader_path/Frameworks",
				);
				PRODUCT_BUNDLE_IDENTIFIER = com..SignUpFormTests;
				PRODUCT_NAME = "$(TARGET_NAME)";
				SWIFT_VERSION = 5.0;
				TARGETED_DEVICE_FAMILY = "1,2";
				TEST_HOST = "$(BUILT_PRODUCTS_DIR)/SignUpForm.app/SignUpForm";
			};
			name = Release;
		};
		044A37942408C2E0000BA949 /* Debug */ = {
			isa = XCBuildConfiguration;
			buildSettings = {
				ALWAYS_EMBED_SWIFT_STANDARD_LIBRARIES = YES;
				CODE_SIGN_STYLE = Automatic;
				INFOPLIST_FILE = SignUpFormUITests/Info.plist;
				LD_RUNPATH_SEARCH_PATHS = (
					"$(inherited)",
					"@executable_path/Frameworks",
					"@loader_path/Frameworks",
				);
				PRODUCT_BUNDLE_IDENTIFIER = com..SignUpFormUITests;
				PRODUCT_NAME = "$(TARGET_NAME)";
				SWIFT_VERSION = 5.0;
				TARGETED_DEVICE_FAMILY = "1,2";
				TEST_TARGET_NAME = SignUpForm;
			};
			name = Debug;
		};
		044A37952408C2E0000BA949 /* Release */ = {
			isa = XCBuildConfiguration;
			buildSettings = {
				ALWAYS_EMBED_SWIFT_STANDARD_LIBRARIES = YES;
				CODE_SIGN_STYLE = Automatic;
				INFOPLIST_FILE = SignUpFormUITests/Info.plist;
				LD_RUNPATH_SEARCH_PATHS = (
					"$(inherited)",
					"@executable_path/Frameworks",
					"@loader_path/Frameworks",
				);
				PRODUCT_BUNDLE_IDENTIFIER = com..SignUpFormUITests;
				PRODUCT_NAME = "$(TARGET_NAME)";
				SWIFT_VERSION = 5.0;
				TARGETED_DEVICE_FAMILY = "1,2";
				TEST_TARGET_NAME = SignUpForm;
			};
			name = Release;
		};
/* End XCBuildConfiguration section */

/* Begin XCConfigurationList section */
		044A375E2408C2DA000BA949 /* Build configuration list for PBXProject "SignUpForm" */ = {
			isa = XCConfigurationList;
			buildConfigurations = (
				044A378B2408C2E0000BA949 /* Debug */,
				044A378C2408C2E0000BA949 /* Release */,
			);
			defaultConfigurationIsVisible = 0;
			defaultConfigurationName = Release;
		};
		044A378D2408C2E0000BA949 /* Build configuration list for PBXNativeTarget "SignUpForm" */ = {
			isa = XCConfigurationList;
			buildConfigurations = (
				044A378E2408C2E0000BA949 /* Debug */,
				044A378F2408C2E0000BA949 /* Release */,
			);
			defaultConfigurationIsVisible = 0;
			defaultConfigurationName = Release;
		};
		044A37902408C2E0000BA949 /* Build configuration list for PBXNativeTarget "SignUpFormTests" */ = {
			isa = XCConfigurationList;
			buildConfigurations = (
				044A37912408C2E0000BA949 /* Debug */,
				044A37922408C2E0000BA949 /* Release */,
			);
			defaultConfigurationIsVisible = 0;
			defaultConfigurationName = Release;
		};
		044A37932408C2E0000BA949 /* Build configuration list for PBXNativeTarget "SignUpFormUITests" */ = {
			isa = XCConfigurationList;
			buildConfigurations = (
				044A37942408C2E0000BA949 /* Debug */,
				044A37952408C2E0000BA949 /* Release */,
			);
			defaultConfigurationIsVisible = 0;
			defaultConfigurationName = Release;
		};
/* End XCConfigurationList section */
	};
	rootObject = 044A375B2408C2DA000BA949 /* Project object */;
}
